
Microsoft Visual Studio Solution File, Format Version 12.00
# Visual Studio Version 16
VisualStudioVersion = 16.0.30804.86
MinimumVisualStudioVersion = 10.0.40219.1
Project("{FAE04EC0-301F-11D3-BF4B-00C04F79EFBC}") = "AllShop_DataSync", "AllShop_DataSync.csproj", "{56A92150-4444-472D-8270-5FAD82298ECB}"
EndProject
Global
	GlobalSection(SolutionConfigurationPlatforms) = preSolution
		Debug|Any CPU = Debug|Any CPU
		Release|Any CPU = Release|Any CPU
	EndGlobalSection
	GlobalSection(ProjectConfigurationPlatforms) = postSolution
		{56A92150-4444-472D-8270-5FAD82298ECB}.Debug|Any CPU.ActiveCfg = Debug|Any CPU
		{56A92150-4444-472D-8270-5FAD82298ECB}.Debug|Any CPU.Build.0 = Debug|Any CPU
		{56A92150-4444-472D-8270-5FAD82298ECB}.Release|Any CPU.ActiveCfg = Release|Any CPU
		{56A92150-4444-472D-8270-5FAD82298ECB}.Release|Any CPU.Build.0 = Release|Any CPU
	EndGlobalSection
	GlobalSection(SolutionProperties) = preSolution
		HideSolutionNode = FALSE
	EndGlobalSection
	GlobalSection(ExtensibilityGlobals) = postSolution
		SolutionGuid = {84BD0C08-0375-4BB5-A022-0ADA3161B185}
	EndGlobalSection
EndGlobal
